
Microsoft Visual Studio Solution File, Format Version 12.00
# Visual Studio 14
VisualStudioVersion = 14.0.25420.1
MinimumVisualStudioVersion = 10.0.40219.1
Project("{FAE04EC0-301F-11D3-BF4B-00C04F79EFBC}") = "SR", "SR\SR.csproj", "{04EABC3A-9561-4F9E-96EE-74F42936A497}"
EndProject
Project("{FAE04EC0-301F-11D3-BF4B-00C04F79EFBC}") = "SR.Data", "SR.Data\SR.Data.csproj", "{C11992D0-F153-4A15-8DD3-4D0654DFE776}"
EndProject
Project("{FAE04EC0-301F-11D3-BF4B-00C04F79EFBC}") = "SR.Models", "SR.Models\SR.Models.csproj", "{C0146896-CE4A-47BE-8882-2D164786E2B0}"
EndProject
Project("{FAE04EC0-301F-11D3-BF4B-00C04F79EFBC}") = "SR.Service", "SR.Service\SR.Service.csproj", "{4F8299DC-9A69-4498-B921-547EDDAE81B3}"
EndProject
Global
	GlobalSection(SolutionConfigurationPlatforms) = preSolution
		Debug|Any CPU = Debug|Any CPU
		Release|Any CPU = Release|Any CPU
	EndGlobalSection
	GlobalSection(ProjectConfigurationPlatforms) = postSolution
		{04EABC3A-9561-4F9E-96EE-74F42936A497}.Debug|Any CPU.ActiveCfg = Debug|Any CPU
		{04EABC3A-9561-4F9E-96EE-74F42936A497}.Debug|Any CPU.Build.0 = Debug|Any CPU
		{04EABC3A-9561-4F9E-96EE-74F42936A497}.Release|Any CPU.ActiveCfg = Release|Any CPU
		{04EABC3A-9561-4F9E-96EE-74F42936A497}.Release|Any CPU.Build.0 = Release|Any CPU
		{C11992D0-F153-4A15-8DD3-4D0654DFE776}.Debug|Any CPU.ActiveCfg = Debug|Any CPU
		{C11992D0-F153-4A15-8DD3-4D0654DFE776}.Debug|Any CPU.Build.0 = Debug|Any CPU
		{C11992D0-F153-4A15-8DD3-4D0654DFE776}.Release|Any CPU.ActiveCfg = Release|Any CPU
		{C11992D0-F153-4A15-8DD3-4D0654DFE776}.Release|Any CPU.Build.0 = Release|Any CPU
		{C0146896-CE4A-47BE-8882-2D164786E2B0}.Debug|Any CPU.ActiveCfg = Debug|Any CPU
		{C0146896-CE4A-47BE-8882-2D164786E2B0}.Debug|Any CPU.Build.0 = Debug|Any CPU
		{C0146896-CE4A-47BE-8882-2D164786E2B0}.Release|Any CPU.ActiveCfg = Release|Any CPU
		{C0146896-CE4A-47BE-8882-2D164786E2B0}.Release|Any CPU.Build.0 = Release|Any CPU
		{4F8299DC-9A69-4498-B921-547EDDAE81B3}.Debug|Any CPU.ActiveCfg = Debug|Any CPU
		{4F8299DC-9A69-4498-B921-547EDDAE81B3}.Debug|Any CPU.Build.0 = Debug|Any CPU
		{4F8299DC-9A69-4498-B921-547EDDAE81B3}.Release|Any CPU.ActiveCfg = Release|Any CPU
		{4F8299DC-9A69-4498-B921-547EDDAE81B3}.Release|Any CPU.Build.0 = Release|Any CPU
	EndGlobalSection
	GlobalSection(SolutionProperties) = preSolution
		HideSolutionNode = FALSE
	EndGlobalSection
EndGlobal
